
Microsoft Visual Studio Solution File, Format Version 12.00
# Visual Studio Version 16
VisualStudioVersion = 16.0.30104.148
MinimumVisualStudioVersion = 10.0.40219.1
Project("{FAE04EC0-301F-11D3-BF4B-00C04F79EFBC}") = "WebApplication", "WebApplication\WebApplication.csproj", "{06506645-EAB5-4697-954C-C7F3D3556571}"
EndProject
Global
	GlobalSection(SolutionConfigurationPlatforms) = preSolution
		Debug|Any CPU = Debug|Any CPU
		Release|Any CPU = Release|Any CPU
	EndGlobalSection
	GlobalSection(ProjectConfigurationPlatforms) = postSolution
		{06506645-EAB5-4697-954C-C7F3D3556571}.Debug|Any CPU.ActiveCfg = Debug|Any CPU
		{06506645-EAB5-4697-954C-C7F3D3556571}.Debug|Any CPU.Build.0 = Debug|Any CPU
		{06506645-EAB5-4697-954C-C7F3D3556571}.Release|Any CPU.ActiveCfg = Release|Any CPU
		{06506645-EAB5-4697-954C-C7F3D3556571}.Release|Any CPU.Build.0 = Release|Any CPU
	EndGlobalSection
	GlobalSection(SolutionProperties) = preSolution
		HideSolutionNode = FALSE
	EndGlobalSection
	GlobalSection(ExtensibilityGlobals) = postSolution
		SolutionGuid = {17ABFF24-951C-477B-AA68-C4F8E5CCBF38}
	EndGlobalSection
EndGlobal
